
Microsoft Visual Studio Solution File, Format Version 12.00
# Visual Studio Version 17
VisualStudioVersion = 17.2.32519.379
MinimumVisualStudioVersion = 10.0.40219.1
Project("{FAE04EC0-301F-11D3-BF4B-00C04F79EFBC}") = "RandomGameStarter", "RandomGameStarter\RandomGameStarter.csproj", "{F8573366-E502-4587-BE58-3C59A941C1B1}"
EndProject
Global
	GlobalSection(SolutionConfigurationPlatforms) = preSolution
		Debug|Any CPU = Debug|Any CPU
		Release|Any CPU = Release|Any CPU
	EndGlobalSection
	GlobalSection(ProjectConfigurationPlatforms) = postSolution
		{F8573366-E502-4587-BE58-3C59A941C1B1}.Debug|Any CPU.ActiveCfg = Debug|Any CPU
		{F8573366-E502-4587-BE58-3C59A941C1B1}.Debug|Any CPU.Build.0 = Debug|Any CPU
		{F8573366-E502-4587-BE58-3C59A941C1B1}.Release|Any CPU.ActiveCfg = Release|Any CPU
		{F8573366-E502-4587-BE58-3C59A941C1B1}.Release|Any CPU.Build.0 = Release|Any CPU
	EndGlobalSection
	GlobalSection(SolutionProperties) = preSolution
		HideSolutionNode = FALSE
	EndGlobalSection
	GlobalSection(ExtensibilityGlobals) = postSolution
		SolutionGuid = {49546EA3-22D8-4C98-8E0E-252313496892}
	EndGlobalSection
EndGlobal
